
Microsoft Visual Studio Solution File, Format Version 12.00
# Visual Studio 14
VisualStudioVersion = 14.0.24720.0
MinimumVisualStudioVersion = 10.0.40219.1
Project("{FAE04EC0-301F-11D3-BF4B-00C04F79EFBC}") = "ds-agent-oriented-simulation", "ds-agent-oriented-simulation\ds-agent-oriented-simulation.csproj", "{73ABD69D-9FAB-4318-BCF7-D010B6B6BA44}"
EndProject
Project("{2150E333-8FDC-42A3-9474-1A3956D46DE8}") = "Vehicles", "Vehicles", "{6284A79F-5251-4779-A23C-B9F038157F2C}"
	ProjectSection(SolutionItems) = preProject
		..\..\ds-discrete-event-simulation\Automobilka\Automobilka\Vehicles\CarA.cs = ..\..\ds-discrete-event-simulation\Automobilka\Automobilka\Vehicles\CarA.cs
		..\..\ds-discrete-event-simulation\Automobilka\Automobilka\Vehicles\CarB.cs = ..\..\ds-discrete-event-simulation\Automobilka\Automobilka\Vehicles\CarB.cs
		..\..\ds-discrete-event-simulation\Automobilka\Automobilka\Vehicles\CarC.cs = ..\..\ds-discrete-event-simulation\Automobilka\Automobilka\Vehicles\CarC.cs
		..\..\ds-discrete-event-simulation\Automobilka\Automobilka\Vehicles\CarD.cs = ..\..\ds-discrete-event-simulation\Automobilka\Automobilka\Vehicles\CarD.cs
		..\..\ds-discrete-event-simulation\Automobilka\Automobilka\Vehicles\CarE.cs = ..\..\ds-discrete-event-simulation\Automobilka\Automobilka\Vehicles\CarE.cs
		..\..\ds-discrete-event-simulation\Automobilka\Automobilka\Vehicles\Vehicle.cs = ..\..\ds-discrete-event-simulation\Automobilka\Automobilka\Vehicles\Vehicle.cs
	EndProjectSection
EndProject
Project("{2150E333-8FDC-42A3-9474-1A3956D46DE8}") = "SimulationCore", "SimulationCore", "{190C5937-95D3-457E-8054-0004AD7F06CB}"
	ProjectSection(SolutionItems) = preProject
		..\..\ds-discrete-event-simulation\Automobilka\Automobilka\Simulations\SimulationCore.cs = ..\..\ds-discrete-event-simulation\Automobilka\Automobilka\Simulations\SimulationCore.cs
		..\..\ds-discrete-event-simulation\Automobilka\Automobilka\Simulations\SimulationCoreAbstract.cs = ..\..\ds-discrete-event-simulation\Automobilka\Automobilka\Simulations\SimulationCoreAbstract.cs
		..\..\ds-discrete-event-simulation\Automobilka\Automobilka\Simulations\SimulationVariantA.cs = ..\..\ds-discrete-event-simulation\Automobilka\Automobilka\Simulations\SimulationVariantA.cs
		..\..\ds-discrete-event-simulation\Automobilka\Automobilka\Simulations\SimulationVariantB.cs = ..\..\ds-discrete-event-simulation\Automobilka\Automobilka\Simulations\SimulationVariantB.cs
		..\..\ds-discrete-event-simulation\Automobilka\Automobilka\Simulations\SimulationVariantC.cs = ..\..\ds-discrete-event-simulation\Automobilka\Automobilka\Simulations\SimulationVariantC.cs
	EndProjectSection
EndProject
Global
	GlobalSection(SolutionConfigurationPlatforms) = preSolution
		Debug|Any CPU = Debug|Any CPU
		Release|Any CPU = Release|Any CPU
	EndGlobalSection
	GlobalSection(ProjectConfigurationPlatforms) = postSolution
		{73ABD69D-9FAB-4318-BCF7-D010B6B6BA44}.Debug|Any CPU.ActiveCfg = Debug|Any CPU
		{73ABD69D-9FAB-4318-BCF7-D010B6B6BA44}.Debug|Any CPU.Build.0 = Debug|Any CPU
		{73ABD69D-9FAB-4318-BCF7-D010B6B6BA44}.Release|Any CPU.ActiveCfg = Release|Any CPU
		{73ABD69D-9FAB-4318-BCF7-D010B6B6BA44}.Release|Any CPU.Build.0 = Release|Any CPU
	EndGlobalSection
	GlobalSection(SolutionProperties) = preSolution
		HideSolutionNode = FALSE
	EndGlobalSection
EndGlobal
